
Microsoft Visual Studio Solution File, Format Version 12.00
# Visual Studio 2012
Project("{FAE04EC0-301F-11D3-BF4B-00C04F79EFBC}") = "Barbershop", "Barbershop\Barbershop.csproj", "{20A51CDB-2447-42FE-9AEC-85D83B0458B9}"
EndProject
Global
	GlobalSection(SolutionConfigurationPlatforms) = preSolution
		Debug|Any CPU = Debug|Any CPU
		Release|Any CPU = Release|Any CPU
	EndGlobalSection
	GlobalSection(ProjectConfigurationPlatforms) = postSolution
		{20A51CDB-2447-42FE-9AEC-85D83B0458B9}.Debug|Any CPU.ActiveCfg = Debug|Any CPU
		{20A51CDB-2447-42FE-9AEC-85D83B0458B9}.Debug|Any CPU.Build.0 = Debug|Any CPU
		{20A51CDB-2447-42FE-9AEC-85D83B0458B9}.Release|Any CPU.ActiveCfg = Release|Any CPU
		{20A51CDB-2447-42FE-9AEC-85D83B0458B9}.Release|Any CPU.Build.0 = Release|Any CPU
	EndGlobalSection
	GlobalSection(SolutionProperties) = preSolution
		HideSolutionNode = FALSE
	EndGlobalSection
EndGlobal
