
Microsoft Visual Studio Solution File, Format Version 12.00
# Visual Studio 2012
Project("{FAE04EC0-301F-11D3-BF4B-00C04F79EFBC}") = "OS - NRU Algorithm", "OS - NRU Algorithm\OS - NRU Algorithm.csproj", "{AAAAE5AF-9116-499C-A846-5EC7F710DDFC}"
EndProject
Global
	GlobalSection(SolutionConfigurationPlatforms) = preSolution
		Debug|Any CPU = Debug|Any CPU
		Release|Any CPU = Release|Any CPU
	EndGlobalSection
	GlobalSection(ProjectConfigurationPlatforms) = postSolution
		{AAAAE5AF-9116-499C-A846-5EC7F710DDFC}.Debug|Any CPU.ActiveCfg = Debug|Any CPU
		{AAAAE5AF-9116-499C-A846-5EC7F710DDFC}.Debug|Any CPU.Build.0 = Debug|Any CPU
		{AAAAE5AF-9116-499C-A846-5EC7F710DDFC}.Release|Any CPU.ActiveCfg = Release|Any CPU
		{AAAAE5AF-9116-499C-A846-5EC7F710DDFC}.Release|Any CPU.Build.0 = Release|Any CPU
	EndGlobalSection
	GlobalSection(SolutionProperties) = preSolution
		HideSolutionNode = FALSE
	EndGlobalSection
EndGlobal
